
Microsoft Visual Studio Solution File, Format Version 12.00
# Visual Studio Version 17
VisualStudioVersion = 17.5.33627.172
MinimumVisualStudioVersion = 10.0.40219.1
Project("{FAE04EC0-301F-11D3-BF4B-00C04F79EFBC}") = "Ejercicio 1 CLASE 06", "Ejercicio 1 CLASE 06\Ejercicio 1 CLASE 06.csproj", "{A8C0E38A-6788-4FEE-BFE9-EB2910FF293F}"
EndProject
Global
	GlobalSection(SolutionConfigurationPlatforms) = preSolution
		Debug|Any CPU = Debug|Any CPU
		Release|Any CPU = Release|Any CPU
	EndGlobalSection
	GlobalSection(ProjectConfigurationPlatforms) = postSolution
		{A8C0E38A-6788-4FEE-BFE9-EB2910FF293F}.Debug|Any CPU.ActiveCfg = Debug|Any CPU
		{A8C0E38A-6788-4FEE-BFE9-EB2910FF293F}.Debug|Any CPU.Build.0 = Debug|Any CPU
		{A8C0E38A-6788-4FEE-BFE9-EB2910FF293F}.Release|Any CPU.ActiveCfg = Release|Any CPU
		{A8C0E38A-6788-4FEE-BFE9-EB2910FF293F}.Release|Any CPU.Build.0 = Release|Any CPU
	EndGlobalSection
	GlobalSection(SolutionProperties) = preSolution
		HideSolutionNode = FALSE
	EndGlobalSection
	GlobalSection(ExtensibilityGlobals) = postSolution
		SolutionGuid = {AEDB230D-C519-4E0B-A09E-E96353F7C675}
	EndGlobalSection
EndGlobal
