
Microsoft Visual Studio Solution File, Format Version 12.00
# Visual Studio Version 17
VisualStudioVersion = 17.7.34031.279
MinimumVisualStudioVersion = 10.0.40219.1
Project("{FAE04EC0-301F-11D3-BF4B-00C04F79EFBC}") = "Convertidor binario", "Convertidor binario\Convertidor binario.csproj", "{B8CD7002-C08A-495B-AA2B-20BE4B78BAE6}"
EndProject
Global
	GlobalSection(SolutionConfigurationPlatforms) = preSolution
		Debug|Any CPU = Debug|Any CPU
		Release|Any CPU = Release|Any CPU
	EndGlobalSection
	GlobalSection(ProjectConfigurationPlatforms) = postSolution
		{B8CD7002-C08A-495B-AA2B-20BE4B78BAE6}.Debug|Any CPU.ActiveCfg = Debug|Any CPU
		{B8CD7002-C08A-495B-AA2B-20BE4B78BAE6}.Debug|Any CPU.Build.0 = Debug|Any CPU
		{B8CD7002-C08A-495B-AA2B-20BE4B78BAE6}.Release|Any CPU.ActiveCfg = Release|Any CPU
		{B8CD7002-C08A-495B-AA2B-20BE4B78BAE6}.Release|Any CPU.Build.0 = Release|Any CPU
	EndGlobalSection
	GlobalSection(SolutionProperties) = preSolution
		HideSolutionNode = FALSE
	EndGlobalSection
	GlobalSection(ExtensibilityGlobals) = postSolution
		SolutionGuid = {52BE42B1-81FD-4D33-ADC8-14197E17BB68}
	EndGlobalSection
EndGlobal
