
Microsoft Visual Studio Solution File, Format Version 12.00
# Visual Studio Version 17
VisualStudioVersion = 17.6.33723.286
MinimumVisualStudioVersion = 10.0.40219.1
Project("{FAE04EC0-301F-11D3-BF4B-00C04F79EFBC}") = "LaCentralita", "LaCentralita\LaCentralita.csproj", "{BDA7EA04-DD23-479D-A37C-DEAA53ED5904}"
EndProject
Project("{FAE04EC0-301F-11D3-BF4B-00C04F79EFBC}") = "Biblioteca", "Biblioteca\Biblioteca.csproj", "{D732CB2F-298C-490A-8A9C-1B5EF1BD65D1}"
EndProject
Global
	GlobalSection(SolutionConfigurationPlatforms) = preSolution
		Debug|Any CPU = Debug|Any CPU
		Release|Any CPU = Release|Any CPU
	EndGlobalSection
	GlobalSection(ProjectConfigurationPlatforms) = postSolution
		{BDA7EA04-DD23-479D-A37C-DEAA53ED5904}.Debug|Any CPU.ActiveCfg = Debug|Any CPU
		{BDA7EA04-DD23-479D-A37C-DEAA53ED5904}.Debug|Any CPU.Build.0 = Debug|Any CPU
		{BDA7EA04-DD23-479D-A37C-DEAA53ED5904}.Release|Any CPU.ActiveCfg = Release|Any CPU
		{BDA7EA04-DD23-479D-A37C-DEAA53ED5904}.Release|Any CPU.Build.0 = Release|Any CPU
		{D732CB2F-298C-490A-8A9C-1B5EF1BD65D1}.Debug|Any CPU.ActiveCfg = Debug|Any CPU
		{D732CB2F-298C-490A-8A9C-1B5EF1BD65D1}.Debug|Any CPU.Build.0 = Debug|Any CPU
		{D732CB2F-298C-490A-8A9C-1B5EF1BD65D1}.Release|Any CPU.ActiveCfg = Release|Any CPU
		{D732CB2F-298C-490A-8A9C-1B5EF1BD65D1}.Release|Any CPU.Build.0 = Release|Any CPU
	EndGlobalSection
	GlobalSection(SolutionProperties) = preSolution
		HideSolutionNode = FALSE
	EndGlobalSection
	GlobalSection(ExtensibilityGlobals) = postSolution
		SolutionGuid = {5C2A65E9-010A-4EFB-B1E2-B8099C71BCCB}
	EndGlobalSection
EndGlobal
