
Microsoft Visual Studio Solution File, Format Version 12.00
# Visual Studio Version 17
VisualStudioVersion = 17.6.33723.286
MinimumVisualStudioVersion = 10.0.40219.1
Project("{FAE04EC0-301F-11D3-BF4B-00C04F79EFBC}") = "I02 Error al cubo Indroduccion", "I02 Error al cubo Indroduccion\I02 Error al cubo Indroduccion.csproj", "{10A06A28-226E-4D1E-A543-2FF2520D1836}"
EndProject
Global
	GlobalSection(SolutionConfigurationPlatforms) = preSolution
		Debug|Any CPU = Debug|Any CPU
		Release|Any CPU = Release|Any CPU
	EndGlobalSection
	GlobalSection(ProjectConfigurationPlatforms) = postSolution
		{10A06A28-226E-4D1E-A543-2FF2520D1836}.Debug|Any CPU.ActiveCfg = Debug|Any CPU
		{10A06A28-226E-4D1E-A543-2FF2520D1836}.Debug|Any CPU.Build.0 = Debug|Any CPU
		{10A06A28-226E-4D1E-A543-2FF2520D1836}.Release|Any CPU.ActiveCfg = Release|Any CPU
		{10A06A28-226E-4D1E-A543-2FF2520D1836}.Release|Any CPU.Build.0 = Release|Any CPU
	EndGlobalSection
	GlobalSection(SolutionProperties) = preSolution
		HideSolutionNode = FALSE
	EndGlobalSection
	GlobalSection(ExtensibilityGlobals) = postSolution
		SolutionGuid = {BD42828C-3F37-4DE8-97A8-5000FD9A4647}
	EndGlobalSection
EndGlobal
