
Microsoft Visual Studio Solution File, Format Version 12.00
# Visual Studio Version 17
VisualStudioVersion = 17.6.33723.286
MinimumVisualStudioVersion = 10.0.40219.1
Project("{FAE04EC0-301F-11D3-BF4B-00C04F79EFBC}") = "05-Forms_Ejercicio1", "05-Forms_Ejercicio1\05-Forms_Ejercicio1.csproj", "{75FEB08F-454F-486D-9362-E9FF2E2A5AD9}"
EndProject
Global
	GlobalSection(SolutionConfigurationPlatforms) = preSolution
		Debug|Any CPU = Debug|Any CPU
		Release|Any CPU = Release|Any CPU
	EndGlobalSection
	GlobalSection(ProjectConfigurationPlatforms) = postSolution
		{75FEB08F-454F-486D-9362-E9FF2E2A5AD9}.Debug|Any CPU.ActiveCfg = Debug|Any CPU
		{75FEB08F-454F-486D-9362-E9FF2E2A5AD9}.Debug|Any CPU.Build.0 = Debug|Any CPU
		{75FEB08F-454F-486D-9362-E9FF2E2A5AD9}.Release|Any CPU.ActiveCfg = Release|Any CPU
		{75FEB08F-454F-486D-9362-E9FF2E2A5AD9}.Release|Any CPU.Build.0 = Release|Any CPU
	EndGlobalSection
	GlobalSection(SolutionProperties) = preSolution
		HideSolutionNode = FALSE
	EndGlobalSection
	GlobalSection(ExtensibilityGlobals) = postSolution
		SolutionGuid = {44905AF3-8245-460B-A1D8-0112B6FF6D45}
	EndGlobalSection
EndGlobal
