
Microsoft Visual Studio Solution File, Format Version 12.00
# Visual Studio Version 17
VisualStudioVersion = 17.6.33723.286
MinimumVisualStudioVersion = 10.0.40219.1
Project("{FAE04EC0-301F-11D3-BF4B-00C04F79EFBC}") = "I01 Máximo, mínimo y promedio", "I01 Máximo, mínimo y promedio\I01 Máximo, mínimo y promedio.csproj", "{59FE3636-70F3-40BD-A2B5-4215D80E119C}"
EndProject
Global
	GlobalSection(SolutionConfigurationPlatforms) = preSolution
		Debug|Any CPU = Debug|Any CPU
		Release|Any CPU = Release|Any CPU
	EndGlobalSection
	GlobalSection(ProjectConfigurationPlatforms) = postSolution
		{59FE3636-70F3-40BD-A2B5-4215D80E119C}.Debug|Any CPU.ActiveCfg = Debug|Any CPU
		{59FE3636-70F3-40BD-A2B5-4215D80E119C}.Debug|Any CPU.Build.0 = Debug|Any CPU
		{59FE3636-70F3-40BD-A2B5-4215D80E119C}.Release|Any CPU.ActiveCfg = Release|Any CPU
		{59FE3636-70F3-40BD-A2B5-4215D80E119C}.Release|Any CPU.Build.0 = Release|Any CPU
	EndGlobalSection
	GlobalSection(SolutionProperties) = preSolution
		HideSolutionNode = FALSE
	EndGlobalSection
	GlobalSection(ExtensibilityGlobals) = postSolution
		SolutionGuid = {B733155D-22BF-407B-9A69-86B10F03D2B6}
	EndGlobalSection
EndGlobal
