
Microsoft Visual Studio Solution File, Format Version 12.00
# Visual Studio Version 17
VisualStudioVersion = 17.6.33723.286
MinimumVisualStudioVersion = 10.0.40219.1
Project("{FAE04EC0-301F-11D3-BF4B-00C04F79EFBC}") = "03-POO_Ejercicio1", "03-POO_Ejercicio1\03-POO_Ejercicio1.csproj", "{D3923F67-B07E-4014-A500-49ACDD0FDEB9}"
EndProject
Project("{FAE04EC0-301F-11D3-BF4B-00C04F79EFBC}") = "Biblioteca", "Biblioteca\Biblioteca.csproj", "{3E2FAC07-108B-4DC8-95D2-6136C4F846C3}"
EndProject
Global
	GlobalSection(SolutionConfigurationPlatforms) = preSolution
		Debug|Any CPU = Debug|Any CPU
		Release|Any CPU = Release|Any CPU
	EndGlobalSection
	GlobalSection(ProjectConfigurationPlatforms) = postSolution
		{D3923F67-B07E-4014-A500-49ACDD0FDEB9}.Debug|Any CPU.ActiveCfg = Debug|Any CPU
		{D3923F67-B07E-4014-A500-49ACDD0FDEB9}.Debug|Any CPU.Build.0 = Debug|Any CPU
		{D3923F67-B07E-4014-A500-49ACDD0FDEB9}.Release|Any CPU.ActiveCfg = Release|Any CPU
		{D3923F67-B07E-4014-A500-49ACDD0FDEB9}.Release|Any CPU.Build.0 = Release|Any CPU
		{3E2FAC07-108B-4DC8-95D2-6136C4F846C3}.Debug|Any CPU.ActiveCfg = Debug|Any CPU
		{3E2FAC07-108B-4DC8-95D2-6136C4F846C3}.Debug|Any CPU.Build.0 = Debug|Any CPU
		{3E2FAC07-108B-4DC8-95D2-6136C4F846C3}.Release|Any CPU.ActiveCfg = Release|Any CPU
		{3E2FAC07-108B-4DC8-95D2-6136C4F846C3}.Release|Any CPU.Build.0 = Release|Any CPU
	EndGlobalSection
	GlobalSection(SolutionProperties) = preSolution
		HideSolutionNode = FALSE
	EndGlobalSection
	GlobalSection(ExtensibilityGlobals) = postSolution
		SolutionGuid = {C0A677B1-F9C7-4967-82EC-C637B0AE4C84}
	EndGlobalSection
EndGlobal
