
Microsoft Visual Studio Solution File, Format Version 12.00
# Visual Studio Version 17
VisualStudioVersion = 17.5.33627.172
MinimumVisualStudioVersion = 10.0.40219.1
Project("{FAE04EC0-301F-11D3-BF4B-00C04F79EFBC}") = "Ejercicio 2 CLASE 04", "Ejercicio 2 CLASE 04\Ejercicio 2 CLASE 04.csproj", "{72776301-4CA5-4F09-9C5F-E5B525A186ED}"
EndProject
Project("{FAE04EC0-301F-11D3-BF4B-00C04F79EFBC}") = "BibliotecaCotizador", "BibliotecaCotizador\BibliotecaCotizador.csproj", "{DB7D3F3E-240D-498D-9E87-694832A87B25}"
EndProject
Global
	GlobalSection(SolutionConfigurationPlatforms) = preSolution
		Debug|Any CPU = Debug|Any CPU
		Release|Any CPU = Release|Any CPU
	EndGlobalSection
	GlobalSection(ProjectConfigurationPlatforms) = postSolution
		{72776301-4CA5-4F09-9C5F-E5B525A186ED}.Debug|Any CPU.ActiveCfg = Debug|Any CPU
		{72776301-4CA5-4F09-9C5F-E5B525A186ED}.Debug|Any CPU.Build.0 = Debug|Any CPU
		{72776301-4CA5-4F09-9C5F-E5B525A186ED}.Release|Any CPU.ActiveCfg = Release|Any CPU
		{72776301-4CA5-4F09-9C5F-E5B525A186ED}.Release|Any CPU.Build.0 = Release|Any CPU
		{DB7D3F3E-240D-498D-9E87-694832A87B25}.Debug|Any CPU.ActiveCfg = Debug|Any CPU
		{DB7D3F3E-240D-498D-9E87-694832A87B25}.Debug|Any CPU.Build.0 = Debug|Any CPU
		{DB7D3F3E-240D-498D-9E87-694832A87B25}.Release|Any CPU.ActiveCfg = Release|Any CPU
		{DB7D3F3E-240D-498D-9E87-694832A87B25}.Release|Any CPU.Build.0 = Release|Any CPU
	EndGlobalSection
	GlobalSection(SolutionProperties) = preSolution
		HideSolutionNode = FALSE
	EndGlobalSection
	GlobalSection(ExtensibilityGlobals) = postSolution
		SolutionGuid = {BD71CDE4-F01E-41B9-9238-4B2064B4FDA6}
	EndGlobalSection
EndGlobal
