
Microsoft Visual Studio Solution File, Format Version 12.00
# Visual Studio Version 17
VisualStudioVersion = 17.5.33627.172
MinimumVisualStudioVersion = 10.0.40219.1
Project("{FAE04EC0-301F-11D3-BF4B-00C04F79EFBC}") = "Ejercicio 2 CLASE 07", "Ejercicio 2 CLASE 07\Ejercicio 2 CLASE 07.csproj", "{B88BC80D-3000-4DE0-9F26-43A42D4C318E}"
EndProject
Global
	GlobalSection(SolutionConfigurationPlatforms) = preSolution
		Debug|Any CPU = Debug|Any CPU
		Release|Any CPU = Release|Any CPU
	EndGlobalSection
	GlobalSection(ProjectConfigurationPlatforms) = postSolution
		{B88BC80D-3000-4DE0-9F26-43A42D4C318E}.Debug|Any CPU.ActiveCfg = Debug|Any CPU
		{B88BC80D-3000-4DE0-9F26-43A42D4C318E}.Debug|Any CPU.Build.0 = Debug|Any CPU
		{B88BC80D-3000-4DE0-9F26-43A42D4C318E}.Release|Any CPU.ActiveCfg = Release|Any CPU
		{B88BC80D-3000-4DE0-9F26-43A42D4C318E}.Release|Any CPU.Build.0 = Release|Any CPU
	EndGlobalSection
	GlobalSection(SolutionProperties) = preSolution
		HideSolutionNode = FALSE
	EndGlobalSection
	GlobalSection(ExtensibilityGlobals) = postSolution
		SolutionGuid = {2D2B65E9-6EDA-4ED3-A049-7C0379310B4A}
	EndGlobalSection
EndGlobal
