
Microsoft Visual Studio Solution File, Format Version 12.00
# Visual Studio Version 17
VisualStudioVersion = 17.5.33627.172
MinimumVisualStudioVersion = 10.0.40219.1
Project("{FAE04EC0-301F-11D3-BF4B-00C04F79EFBC}") = "Ejercicio 4 CLASE 06", "Ejercicio 4 CLASE 06\Ejercicio 4 CLASE 06.csproj", "{4E79AF78-A02B-4E6A-B3F8-AE932F9BE879}"
EndProject
Project("{FAE04EC0-301F-11D3-BF4B-00C04F79EFBC}") = "Entidades", "Entidades\Entidades.csproj", "{5C0C6164-D6D4-46D2-AF49-D282FBFF606F}"
EndProject
Global
	GlobalSection(SolutionConfigurationPlatforms) = preSolution
		Debug|Any CPU = Debug|Any CPU
		Release|Any CPU = Release|Any CPU
	EndGlobalSection
	GlobalSection(ProjectConfigurationPlatforms) = postSolution
		{4E79AF78-A02B-4E6A-B3F8-AE932F9BE879}.Debug|Any CPU.ActiveCfg = Debug|Any CPU
		{4E79AF78-A02B-4E6A-B3F8-AE932F9BE879}.Debug|Any CPU.Build.0 = Debug|Any CPU
		{4E79AF78-A02B-4E6A-B3F8-AE932F9BE879}.Release|Any CPU.ActiveCfg = Release|Any CPU
		{4E79AF78-A02B-4E6A-B3F8-AE932F9BE879}.Release|Any CPU.Build.0 = Release|Any CPU
		{5C0C6164-D6D4-46D2-AF49-D282FBFF606F}.Debug|Any CPU.ActiveCfg = Debug|Any CPU
		{5C0C6164-D6D4-46D2-AF49-D282FBFF606F}.Debug|Any CPU.Build.0 = Debug|Any CPU
		{5C0C6164-D6D4-46D2-AF49-D282FBFF606F}.Release|Any CPU.ActiveCfg = Release|Any CPU
		{5C0C6164-D6D4-46D2-AF49-D282FBFF606F}.Release|Any CPU.Build.0 = Release|Any CPU
	EndGlobalSection
	GlobalSection(SolutionProperties) = preSolution
		HideSolutionNode = FALSE
	EndGlobalSection
	GlobalSection(ExtensibilityGlobals) = postSolution
		SolutionGuid = {9E313F80-F24C-4887-A6D7-35876BBFB7A8}
	EndGlobalSection
EndGlobal
